# generated by rye
# use `rye lock` or `rye sync` to update this lockfile
#
# last locked with the following flags:
#   pre: false
#   features: []
#   all-features: false
#   with-sources: false
#   generate-hashes: false
#   universal: false

-e file:.
cfgv==3.4.0
    # via pre-commit
distlib==0.3.9
    # via virtualenv
filelock==3.16.1
    # via virtualenv
identify==2.6.3
    # via pre-commit
mypy==1.13.0
mypy-extensions==1.0.0
    # via mypy
nodeenv==1.9.1
    # via pre-commit
platformdirs==4.3.6
    # via virtualenv
pre-commit==4.0.1
pyyaml==6.0.2
    # via pre-commit
typing-extensions==4.12.2
    # via mypy
virtualenv==20.28.0
    # via pre-commit
